
Microsoft Visual Studio Solution File, Format Version 12.00
# Visual Studio Version 17
VisualStudioVersion = 17.1.32319.34
MinimumVisualStudioVersion = 10.0.40219.1
Project("{FAE04EC0-301F-11D3-BF4B-00C04F79EFBC}") = "Demo.AzureFunction.EventGrid", "Demo.AzureFunction.EventGrid\Demo.AzureFunction.EventGrid.csproj", "{88897DDD-175F-488F-A1B5-312A1E927B7F}"
EndProject
Global
	GlobalSection(SolutionConfigurationPlatforms) = preSolution
		Debug|Any CPU = Debug|Any CPU
		Release|Any CPU = Release|Any CPU
	EndGlobalSection
	GlobalSection(ProjectConfigurationPlatforms) = postSolution
		{88897DDD-175F-488F-A1B5-312A1E927B7F}.Debug|Any CPU.ActiveCfg = Debug|Any CPU
		{88897DDD-175F-488F-A1B5-312A1E927B7F}.Debug|Any CPU.Build.0 = Debug|Any CPU
		{88897DDD-175F-488F-A1B5-312A1E927B7F}.Release|Any CPU.ActiveCfg = Release|Any CPU
		{88897DDD-175F-488F-A1B5-312A1E927B7F}.Release|Any CPU.Build.0 = Release|Any CPU
	EndGlobalSection
	GlobalSection(SolutionProperties) = preSolution
		HideSolutionNode = FALSE
	EndGlobalSection
	GlobalSection(ExtensibilityGlobals) = postSolution
		SolutionGuid = {B7681D63-3423-4194-8465-B03C8ADAB1B8}
	EndGlobalSection
EndGlobal
